Microsoft Visual Studio Solution File, Format Version 12.00
# Visual Studio Version 17
VisualStudioVersion = 17.5.2.0
MinimumVisualStudioVersion = 10.0.40219.1
Project("{FAE04EC0-301F-11D3-BF4B-00C04F79EFBC}") = "CSBindings", "CSBindings.csproj", "{55C41EA7-0AA6-C8BC-0DB3-24FA45881141}"
EndProject
Global
	GlobalSection(SolutionConfigurationPlatforms) = preSolution
		Debug|Any CPU = Debug|Any CPU
		Release|Any CPU = Release|Any CPU
	EndGlobalSection
	GlobalSection(ProjectConfigurationPlatforms) = postSolution
		{55C41EA7-0AA6-C8BC-0DB3-24FA45881141}.Debug|Any CPU.ActiveCfg = Debug|Any CPU
		{55C41EA7-0AA6-C8BC-0DB3-24FA45881141}.Debug|Any CPU.Build.0 = Debug|Any CPU
		{55C41EA7-0AA6-C8BC-0DB3-24FA45881141}.Release|Any CPU.ActiveCfg = Release|Any CPU
		{55C41EA7-0AA6-C8BC-0DB3-24FA45881141}.Release|Any CPU.Build.0 = Release|Any CPU
	EndGlobalSection
	GlobalSection(SolutionProperties) = preSolution
		HideSolutionNode = FALSE
	EndGlobalSection
	GlobalSection(ExtensibilityGlobals) = postSolution
		SolutionGuid = {F0FF1146-D8B6-448E-8DB5-747D0493D604}
	EndGlobalSection
EndGlobal
